
Microsoft Visual Studio Solution File, Format Version 12.00
# Visual Studio Version 16
VisualStudioVersion = 16.0.29123.88
MinimumVisualStudioVersion = 10.0.40219.1
Project("{2150E333-8FDC-42A3-9474-1A3956D46DE8}") = "src", "src", "{C108FDC4-2F38-4825-BF19-969F1761E197}"
EndProject
Project("{FAE04EC0-301F-11D3-BF4B-00C04F79EFBC}") = "CopyDirectory.UI", "src\CopyDirectory.UI\CopyDirectory.UI.csproj", "{FD20A49B-9ABD-4C55-BE9D-E3137EACEC2B}"
EndProject
Project("{FAE04EC0-301F-11D3-BF4B-00C04F79EFBC}") = "CopyDirectory.Process", "src\CopyDirectory.Process\CopyDirectory.Process.csproj", "{29B4F7FC-ABF7-4917-9D78-CAFD57FCCB22}"
EndProject
Project("{2150E333-8FDC-42A3-9474-1A3956D46DE8}") = "tests", "tests", "{1B7DC88A-EFFA-4173-B961-BE5E44FC77FA}"
EndProject
Project("{FAE04EC0-301F-11D3-BF4B-00C04F79EFBC}") = "CopyDirectory.UI.UnitTests", "tests\CopyDirectory.UI.UnitTests\CopyDirectory.UI.UnitTests.csproj", "{F2F3B639-8446-4B34-9073-DC047031FE42}"
EndProject
Project("{FAE04EC0-301F-11D3-BF4B-00C04F79EFBC}") = "CopyDirectory.Process.UnitTests", "tests\CopyDirectory.Process.UnitTests\CopyDirectory.Process.UnitTests.csproj", "{67C4D519-CE6A-4C8F-A6B8-F3F46329BB22}"
EndProject
Global
	GlobalSection(SolutionConfigurationPlatforms) = preSolution
		Debug|Any CPU = Debug|Any CPU
		Release|Any CPU = Release|Any CPU
	EndGlobalSection
	GlobalSection(ProjectConfigurationPlatforms) = postSolution
		{FD20A49B-9ABD-4C55-BE9D-E3137EACEC2B}.Debug|Any CPU.ActiveCfg = Debug|Any CPU
		{FD20A49B-9ABD-4C55-BE9D-E3137EACEC2B}.Debug|Any CPU.Build.0 = Debug|Any CPU
		{FD20A49B-9ABD-4C55-BE9D-E3137EACEC2B}.Release|Any CPU.ActiveCfg = Release|Any CPU
		{FD20A49B-9ABD-4C55-BE9D-E3137EACEC2B}.Release|Any CPU.Build.0 = Release|Any CPU
		{29B4F7FC-ABF7-4917-9D78-CAFD57FCCB22}.Debug|Any CPU.ActiveCfg = Debug|Any CPU
		{29B4F7FC-ABF7-4917-9D78-CAFD57FCCB22}.Debug|Any CPU.Build.0 = Debug|Any CPU
		{29B4F7FC-ABF7-4917-9D78-CAFD57FCCB22}.Release|Any CPU.ActiveCfg = Release|Any CPU
		{29B4F7FC-ABF7-4917-9D78-CAFD57FCCB22}.Release|Any CPU.Build.0 = Release|Any CPU
		{F2F3B639-8446-4B34-9073-DC047031FE42}.Debug|Any CPU.ActiveCfg = Debug|Any CPU
		{F2F3B639-8446-4B34-9073-DC047031FE42}.Debug|Any CPU.Build.0 = Debug|Any CPU
		{F2F3B639-8446-4B34-9073-DC047031FE42}.Release|Any CPU.ActiveCfg = Release|Any CPU
		{F2F3B639-8446-4B34-9073-DC047031FE42}.Release|Any CPU.Build.0 = Release|Any CPU
		{67C4D519-CE6A-4C8F-A6B8-F3F46329BB22}.Debug|Any CPU.ActiveCfg = Debug|Any CPU
		{67C4D519-CE6A-4C8F-A6B8-F3F46329BB22}.Debug|Any CPU.Build.0 = Debug|Any CPU
		{67C4D519-CE6A-4C8F-A6B8-F3F46329BB22}.Release|Any CPU.ActiveCfg = Release|Any CPU
		{67C4D519-CE6A-4C8F-A6B8-F3F46329BB22}.Release|Any CPU.Build.0 = Release|Any CPU
	EndGlobalSection
	GlobalSection(SolutionProperties) = preSolution
		HideSolutionNode = FALSE
	EndGlobalSection
	GlobalSection(NestedProjects) = preSolution
		{FD20A49B-9ABD-4C55-BE9D-E3137EACEC2B} = {C108FDC4-2F38-4825-BF19-969F1761E197}
		{29B4F7FC-ABF7-4917-9D78-CAFD57FCCB22} = {C108FDC4-2F38-4825-BF19-969F1761E197}
		{F2F3B639-8446-4B34-9073-DC047031FE42} = {1B7DC88A-EFFA-4173-B961-BE5E44FC77FA}
		{67C4D519-CE6A-4C8F-A6B8-F3F46329BB22} = {1B7DC88A-EFFA-4173-B961-BE5E44FC77FA}
	EndGlobalSection
	GlobalSection(ExtensibilityGlobals) = postSolution
		SolutionGuid = {6E9469E2-7962-4149-A187-5E566C67A78F}
	EndGlobalSection
EndGlobal
